
Microsoft Visual Studio Solution File, Format Version 12.00
# Visual Studio Version 17
VisualStudioVersion = 17.4.33205.214
MinimumVisualStudioVersion = 10.0.40219.1
Project("{FAE04EC0-301F-11D3-BF4B-00C04F79EFBC}") = "minimal-api-desafio", "minimal-api-desafio\minimal-api-desafio.csproj", "{018EC9B0-ED04-40B6-8EF9-453285D3C955}"
EndProject
Global
	GlobalSection(SolutionConfigurationPlatforms) = preSolution
		Debug|Any CPU = Debug|Any CPU
		Release|Any CPU = Release|Any CPU
	EndGlobalSection
	GlobalSection(ProjectConfigurationPlatforms) = postSolution
		{018EC9B0-ED04-40B6-8EF9-453285D3C955}.Debug|Any CPU.ActiveCfg = Debug|Any CPU
		{018EC9B0-ED04-40B6-8EF9-453285D3C955}.Debug|Any CPU.Build.0 = Debug|Any CPU
		{018EC9B0-ED04-40B6-8EF9-453285D3C955}.Release|Any CPU.ActiveCfg = Release|Any CPU
		{018EC9B0-ED04-40B6-8EF9-453285D3C955}.Release|Any CPU.Build.0 = Release|Any CPU
	EndGlobalSection
	GlobalSection(SolutionProperties) = preSolution
		HideSolutionNode = FALSE
	EndGlobalSection
	GlobalSection(ExtensibilityGlobals) = postSolution
		SolutionGuid = {F02CD610-6797-4B18-A63C-FFB5788B20BD}
	EndGlobalSection
EndGlobal
